// !$*UTF8*$!
{
	archiveVersion = 1;
	classes = {
	};
	objectVersion = 55;
	objects = {

/* Begin PBXBuildFile section */
		5A25896227E2358A001B625B /* AppDelegate.swift in Sources */ = {isa = PBXBuildFile; fileRef = 5A25896127E2358A001B625B /* AppDelegate.swift */; };
		5A25896427E2358A001B625B /* SceneDelegate.swift in Sources */ = {isa = PBXBuildFile; fileRef = 5A25896327E2358A001B625B /* SceneDelegate.swift */; };
		5A25896927E2358A001B625B /* Main.storyboard in Resources */ = {isa = PBXBuildFile; fileRef = 5A25896727E2358A001B625B /* Main.storyboard */; };
		5A25896E27E2358B001B625B /* LaunchScreen.storyboard in Resources */ = {isa = PBXBuildFile; fileRef = 5A25896C27E2358B001B625B /* LaunchScreen.storyboard */; };
		5A25897D27E239BE001B625B /* ConversationsController.swift in Sources */ = {isa = PBXBuildFile; fileRef = 5A25897C27E239BE001B625B /* ConversationsController.swift */; };
		5A25898027E24DC0001B625B /* LoginController.swift in Sources */ = {isa = PBXBuildFile; fileRef = 5A25897F27E24DC0001B625B /* LoginController.swift */; };
		5A25898227E24DE8001B625B /* RegistrationController.swift in Sources */ = {isa = PBXBuildFile; fileRef = 5A25898127E24DE8001B625B /* RegistrationController.swift */; };
		5A25898527E255BA001B625B /* AnchorExtension.swift in Sources */ = {isa = PBXBuildFile; fileRef = 5A25898427E255BA001B625B /* AnchorExtension.swift */; };
		5A4B385C27ECA2800000FA7C /* CustomTextButton.swift in Sources */ = {isa = PBXBuildFile; fileRef = 5A4B385B27ECA2800000FA7C /* CustomTextButton.swift */; };
		5A4B385E27ECA9F90000FA7C /* BasicImageView.swift in Sources */ = {isa = PBXBuildFile; fileRef = 5A4B385D27ECA9F90000FA7C /* BasicImageView.swift */; };
		5A4B386027ECB4AF0000FA7C /* CustomIconButton.swift in Sources */ = {isa = PBXBuildFile; fileRef = 5A4B385F27ECB4AF0000FA7C /* CustomIconButton.swift */; };
		5A5111B027EA4A100009E817 /* CustomStandartButton.swift in Sources */ = {isa = PBXBuildFile; fileRef = 5A5111AF27EA4A100009E817 /* CustomStandartButton.swift */; };
		5A68682D27EDAA34003CC330 /* TrimExtension.swift in Sources */ = {isa = PBXBuildFile; fileRef = 5A68682C27EDAA34003CC330 /* TrimExtension.swift */; };
		5A68682F27EDCC7F003CC330 /* GoogleService-Info.plist in Resources */ = {isa = PBXBuildFile; fileRef = 5A68682E27EDCC7F003CC330 /* GoogleService-Info.plist */; };
		5AAB9FA627EBAA000032CD13 /* Assets.xcassets in Resources */ = {isa = PBXBuildFile; fileRef = 5A25896A27E2358B001B625B /* Assets.xcassets */; };
		5AB3644627EB76BF00872674 /* LoginViewModel.swift in Sources */ = {isa = PBXBuildFile; fileRef = 5AB3644527EB76BF00872674 /* LoginViewModel.swift */; };
		5AB3644827EB778F00872674 /* RegisterViewModel.swift in Sources */ = {isa = PBXBuildFile; fileRef = 5AB3644727EB778F00872674 /* RegisterViewModel.swift */; };
		5ABB21EE27E5F21D00C3FB04 /* CustomTextField.swift in Sources */ = {isa = PBXBuildFile; fileRef = 5ABB21ED27E5F21D00C3FB04 /* CustomTextField.swift */; };
		5ABB627D27E4ABD200932166 /* InputContainerView.swift in Sources */ = {isa = PBXBuildFile; fileRef = 5ABB627C27E4ABD200932166 /* InputContainerView.swift */; };
		5ACD70CC27E8B7D700E29511 /* CustomLabel.swift in Sources */ = {isa = PBXBuildFile; fileRef = 5ACD70CB27E8B7D700E29511 /* CustomLabel.swift */; };
		5ACD70CE27E8B7EE00E29511 /* CustomImageView.swift in Sources */ = {isa = PBXBuildFile; fileRef = 5ACD70CD27E8B7EE00E29511 /* CustomImageView.swift */; };
		5AD4DF4827F094C700E2B480 /* NewMessageController.swift in Sources */ = {isa = PBXBuildFile; fileRef = 5AD4DF4727F094C700E2B480 /* NewMessageController.swift */; };
		5AD4DF4B27F0A41900E2B480 /* NavigationBarExtensions.swift in Sources */ = {isa = PBXBuildFile; fileRef = 5AD4DF4A27F0A41900E2B480 /* NavigationBarExtensions.swift */; };
		5AD4DF4D27F0A45900E2B480 /* JGProgressHUDExtension.swift in Sources */ = {isa = PBXBuildFile; fileRef = 5AD4DF4C27F0A45900E2B480 /* JGProgressHUDExtension.swift */; };
		5AD4DF4F27F0D5E600E2B480 /* UserCell.swift in Sources */ = {isa = PBXBuildFile; fileRef = 5AD4DF4E27F0D5E600E2B480 /* UserCell.swift */; };
		5AD4DF5227F0F45600E2B480 /* User.swift in Sources */ = {isa = PBXBuildFile; fileRef = 5AD4DF5127F0F45600E2B480 /* User.swift */; };
		5AD4DF5427F0F52100E2B480 /* Service.swift in Sources */ = {isa = PBXBuildFile; fileRef = 5AD4DF5327F0F52100E2B480 /* Service.swift */; };
		5ADD828D27E7435300ED1D4B /* GradientExtension.swift in Sources */ = {isa = PBXBuildFile; fileRef = 5ADD828C27E7435300ED1D4B /* GradientExtension.swift */; };
		5ADD829227E7AE8A00ED1D4B /* Concrete.swift in Sources */ = {isa = PBXBuildFile; fileRef = 5ADD829127E7AE8A00ED1D4B /* Concrete.swift */; };
		5ADD829427E7AE9100ED1D4B /* Builder.swift in Sources */ = {isa = PBXBuildFile; fileRef = 5ADD829327E7AE9100ED1D4B /* Builder.swift */; };
		5ADD829627E7AE9A00ED1D4B /* Error.swift in Sources */ = {isa = PBXBuildFile; fileRef = 5ADD829527E7AE9A00ED1D4B /* Error.swift */; };
		5ADD829827E7AEA000ED1D4B /* Model.swift in Sources */ = {isa = PBXBuildFile; fileRef = 5ADD829727E7AEA000ED1D4B /* Model.swift */; };
		5ADD829A27E7AEA800ED1D4B /* Pattern.swift in Sources */ = {isa = PBXBuildFile; fileRef = 5ADD829927E7AEA800ED1D4B /* Pattern.swift */; };
		5ADD829C27E7AEDC00ED1D4B /* RegexManager.swift in Sources */ = {isa = PBXBuildFile; fileRef = 5ADD829B27E7AEDC00ED1D4B /* RegexManager.swift */; };
		5AE2071927EF49E300545454 /* AuthService.swift in Sources */ = {isa = PBXBuildFile; fileRef = 5AE2071827EF49E300545454 /* AuthService.swift */; };
		6CFC7ADF2F42AD6B1914A6EE /* Pods_ChatAppWithFirestoreMVVM.framework in Frameworks */ = {isa = PBXBuildFile; fileRef = B2489E0B17D66E00B625C0B7 /* Pods_ChatAppWithFirestoreMVVM.framework */; };
/* End PBXBuildFile section */

/* Begin PBXBuildRule section */
		5AB5C24527EB86D700E5417A /* PBXBuildRule */ = {
			isa = PBXBuildRule;
			compilerSpec = com.apple.compilers.proxy.script;
			fileType = file.bplist;
			inputFiles = (
			);
			isEditable = 1;
			outputFiles = (
			);
			script = "# builtin-copyPlist\n";
		};
/* End PBXBuildRule section */

/* Begin PBXFileReference section */
		5A25895E27E2358A001B625B /* ChatAppWithFirestoreMVVM.app */ = {isa = PBXFileReference; explicitFileType = wrapper.application; includeInIndex = 0; path = ChatAppWithFirestoreMVVM.app; sourceTree = BUILT_PRODUCTS_DIR; };
		5A25896127E2358A001B625B /* AppDelegate.swift */ = {isa = PBXFileReference; lastKnownFileType = sourcecode.swift; path = AppDelegate.swift; sourceTree = "<group>"; };
		5A25896327E2358A001B625B /* SceneDelegate.swift */ = {isa = PBXFileReference; lastKnownFileType = sourcecode.swift; path = SceneDelegate.swift; sourceTree = "<group>"; };
		5A25896827E2358A001B625B /* Base */ = {isa = PBXFileReference; lastKnownFileType = file.storyboard; name = Base; path = Base.lproj/Main.storyboard; sourceTree = "<group>"; };
		5A25896A27E2358B001B625B /* Assets.xcassets */ = {isa = PBXFileReference; lastKnownFileType = folder.assetcatalog; path = Assets.xcassets; sourceTree = "<group>"; };
		5A25896D27E2358B001B625B /* Base */ = {isa = PBXFileReference; lastKnownFileType = file.storyboard; name = Base; path = Base.lproj/LaunchScreen.storyboard; sourceTree = "<group>"; };
		5A25896F27E2358B001B625B /* Info.plist */ = {isa = PBXFileReference; lastKnownFileType = text.plist.xml; path = Info.plist; sourceTree = "<group>"; };
		5A25897C27E239BE001B625B /* ConversationsController.swift */ = {isa = PBXFileReference; lastKnownFileType = sourcecode.swift; path = ConversationsController.swift; sourceTree = "<group>"; };
		5A25897F27E24DC0001B625B /* LoginController.swift */ = {isa = PBXFileReference; lastKnownFileType = sourcecode.swift; path = LoginController.swift; sourceTree = "<group>"; };
		5A25898127E24DE8001B625B /* RegistrationController.swift */ = {isa = PBXFileReference; lastKnownFileType = sourcecode.swift; path = RegistrationController.swift; sourceTree = "<group>"; };
		5A25898427E255BA001B625B /* AnchorExtension.swift */ = {isa = PBXFileReference; lastKnownFileType = sourcecode.swift; path = AnchorExtension.swift; sourceTree = "<group>"; };
		5A4B385B27ECA2800000FA7C /* CustomTextButton.swift */ = {isa = PBXFileReference; lastKnownFileType = sourcecode.swift; path = CustomTextButton.swift; sourceTree = "<group>"; };
		5A4B385D27ECA9F90000FA7C /* BasicImageView.swift */ = {isa = PBXFileReference; lastKnownFileType = sourcecode.swift; path = BasicImageView.swift; sourceTree = "<group>"; };
		5A4B385F27ECB4AF0000FA7C /* CustomIconButton.swift */ = {isa = PBXFileReference; lastKnownFileType = sourcecode.swift; path = CustomIconButton.swift; sourceTree = "<group>"; };
		5A5111AF27EA4A100009E817 /* CustomStandartButton.swift */ = {isa = PBXFileReference; lastKnownFileType = sourcecode.swift; path = CustomStandartButton.swift; sourceTree = "<group>"; };
		5A68682C27EDAA34003CC330 /* TrimExtension.swift */ = {isa = PBXFileReference; lastKnownFileType = sourcecode.swift; path = TrimExtension.swift; sourceTree = "<group>"; };
		5A68682E27EDCC7F003CC330 /* GoogleService-Info.plist */ = {isa = PBXFileReference; fileEncoding = 4; lastKnownFileType = text.plist.xml; path = "GoogleService-Info.plist"; sourceTree = "<group>"; };
		5AB3644527EB76BF00872674 /* LoginViewModel.swift */ = {isa = PBXFileReference; lastKnownFileType = sourcecode.swift; path = LoginViewModel.swift; sourceTree = "<group>"; };
		5AB3644727EB778F00872674 /* RegisterViewModel.swift */ = {isa = PBXFileReference; lastKnownFileType = sourcecode.swift; path = RegisterViewModel.swift; sourceTree = "<group>"; };
		5ABB21ED27E5F21D00C3FB04 /* CustomTextField.swift */ = {isa = PBXFileReference; lastKnownFileType = sourcecode.swift; path = CustomTextField.swift; sourceTree = "<group>"; };
		5ABB627C27E4ABD200932166 /* InputContainerView.swift */ = {isa = PBXFileReference; lastKnownFileType = sourcecode.swift; path = InputContainerView.swift; sourceTree = "<group>"; };
		5ACD70CB27E8B7D700E29511 /* CustomLabel.swift */ = {isa = PBXFileReference; lastKnownFileType = sourcecode.swift; path = CustomLabel.swift; sourceTree = "<group>"; };
		5ACD70CD27E8B7EE00E29511 /* CustomImageView.swift */ = {isa = PBXFileReference; lastKnownFileType = sourcecode.swift; path = CustomImageView.swift; sourceTree = "<group>"; };
		5AD4DF4727F094C700E2B480 /* NewMessageController.swift */ = {isa = PBXFileReference; lastKnownFileType = sourcecode.swift; path = NewMessageController.swift; sourceTree = "<group>"; };
		5AD4DF4A27F0A41900E2B480 /* NavigationBarExtensions.swift */ = {isa = PBXFileReference; lastKnownFileType = sourcecode.swift; path = NavigationBarExtensions.swift; sourceTree = "<group>"; };
		5AD4DF4C27F0A45900E2B480 /* JGProgressHUDExtension.swift */ = {isa = PBXFileReference; lastKnownFileType = sourcecode.swift; path = JGProgressHUDExtension.swift; sourceTree = "<group>"; };
		5AD4DF4E27F0D5E600E2B480 /* UserCell.swift */ = {isa = PBXFileReference; lastKnownFileType = sourcecode.swift; path = UserCell.swift; sourceTree = "<group>"; };
		5AD4DF5127F0F45600E2B480 /* User.swift */ = {isa = PBXFileReference; lastKnownFileType = sourcecode.swift; path = User.swift; sourceTree = "<group>"; };
		5AD4DF5327F0F52100E2B480 /* Service.swift */ = {isa = PBXFileReference; lastKnownFileType = sourcecode.swift; path = Service.swift; sourceTree = "<group>"; };
		5ADD828C27E7435300ED1D4B /* GradientExtension.swift */ = {isa = PBXFileReference; lastKnownFileType = sourcecode.swift; path = GradientExtension.swift; sourceTree = "<group>"; };
		5ADD829127E7AE8A00ED1D4B /* Concrete.swift */ = {isa = PBXFileReference; lastKnownFileType = sourcecode.swift; path = Concrete.swift; sourceTree = "<group>"; };
		5ADD829327E7AE9100ED1D4B /* Builder.swift */ = {isa = PBXFileReference; lastKnownFileType = sourcecode.swift; path = Builder.swift; sourceTree = "<group>"; };
		5ADD829527E7AE9A00ED1D4B /* Error.swift */ = {isa = PBXFileReference; lastKnownFileType = sourcecode.swift; path = Error.swift; sourceTree = "<group>"; };
		5ADD829727E7AEA000ED1D4B /* Model.swift */ = {isa = PBXFileReference; lastKnownFileType = sourcecode.swift; path = Model.swift; sourceTree = "<group>"; };
		5ADD829927E7AEA800ED1D4B /* Pattern.swift */ = {isa = PBXFileReference; lastKnownFileType = sourcecode.swift; path = Pattern.swift; sourceTree = "<group>"; };
		5ADD829B27E7AEDC00ED1D4B /* RegexManager.swift */ = {isa = PBXFileReference; lastKnownFileType = sourcecode.swift; path = RegexManager.swift; sourceTree = "<group>"; };
		5AE2071827EF49E300545454 /* AuthService.swift */ = {isa = PBXFileReference; lastKnownFileType = sourcecode.swift; path = AuthService.swift; sourceTree = "<group>"; };
		B2489E0B17D66E00B625C0B7 /* Pods_ChatAppWithFirestoreMVVM.framework */ = {isa = PBXFileReference; explicitFileType = wrapper.framework; includeInIndex = 0; path = Pods_ChatAppWithFirestoreMVVM.framework; sourceTree = BUILT_PRODUCTS_DIR; };
		B584EC4538EE40C561EB1024 /* Pods-ChatAppWithFirestoreMVVM.release.xcconfig */ = {isa = PBXFileReference; includeInIndex = 1; lastKnownFileType = text.xcconfig; name = "Pods-ChatAppWithFirestoreMVVM.release.xcconfig"; path = "Target Support Files/Pods-ChatAppWithFirestoreMVVM/Pods-ChatAppWithFirestoreMVVM.release.xcconfig"; sourceTree = "<group>"; };
		C7341A1E72018F270EF6C342 /* Pods-ChatAppWithFirestoreMVVM.debug.xcconfig */ = {isa = PBXFileReference; includeInIndex = 1; lastKnownFileType = text.xcconfig; name = "Pods-ChatAppWithFirestoreMVVM.debug.xcconfig"; path = "Target Support Files/Pods-ChatAppWithFirestoreMVVM/Pods-ChatAppWithFirestoreMVVM.debug.xcconfig"; sourceTree = "<group>"; };
/* End PBXFileReference section */

/* Begin PBXFrameworksBuildPhase section */
		5A25895B27E2358A001B625B /* Frameworks */ = {
			isa = PBXFrameworksBuildPhase;
			buildActionMask = 2147483647;
			files = (
				6CFC7ADF2F42AD6B1914A6EE /* Pods_ChatAppWithFirestoreMVVM.framework in Frameworks */,
			);
			runOnlyForDeploymentPostprocessing = 0;
		};
/* End PBXFrameworksBuildPhase section */

/* Begin PBXGroup section */
		02F7070DAB1D48742C2249ED /* Pods */ = {
			isa = PBXGroup;
			children = (
				C7341A1E72018F270EF6C342 /* Pods-ChatAppWithFirestoreMVVM.debug.xcconfig */,
				B584EC4538EE40C561EB1024 /* Pods-ChatAppWithFirestoreMVVM.release.xcconfig */,
			);
			path = Pods;
			sourceTree = "<group>";
		};
		16A52357A0DDE15698F23098 /* Frameworks */ = {
			isa = PBXGroup;
			children = (
				B2489E0B17D66E00B625C0B7 /* Pods_ChatAppWithFirestoreMVVM.framework */,
			);
			name = Frameworks;
			sourceTree = "<group>";
		};
		5A25895527E2358A001B625B = {
			isa = PBXGroup;
			children = (
				5A25896027E2358A001B625B /* ChatAppWithFirestoreMVVM */,
				5A25895F27E2358A001B625B /* Products */,
				02F7070DAB1D48742C2249ED /* Pods */,
				16A52357A0DDE15698F23098 /* Frameworks */,
			);
			sourceTree = "<group>";
		};
		5A25895F27E2358A001B625B /* Products */ = {
			isa = PBXGroup;
			children = (
				5A25895E27E2358A001B625B /* ChatAppWithFirestoreMVVM.app */,
			);
			name = Products;
			sourceTree = "<group>";
		};
		5A25896027E2358A001B625B /* ChatAppWithFirestoreMVVM */ = {
			isa = PBXGroup;
			children = (
				5A25897B27E23677001B625B /* Model */,
				5A25897A27E23661001B625B /* View */,
				5A25897927E2365F001B625B /* ViewModel */,
				5A25897827E2365C001B625B /* Controller */,
				5A25897727E23659001B625B /* API */,
				5A25897527E2364E001B625B /* Core */,
				5A25896127E2358A001B625B /* AppDelegate.swift */,
				5A25896327E2358A001B625B /* SceneDelegate.swift */,
				5A25896727E2358A001B625B /* Main.storyboard */,
				5A25896A27E2358B001B625B /* Assets.xcassets */,
				5A25896C27E2358B001B625B /* LaunchScreen.storyboard */,
				5A25896F27E2358B001B625B /* Info.plist */,
				5A68682E27EDCC7F003CC330 /* GoogleService-Info.plist */,
			);
			path = ChatAppWithFirestoreMVVM;
			sourceTree = "<group>";
		};
		5A25897527E2364E001B625B /* Core */ = {
			isa = PBXGroup;
			children = (
				5ADD829027E77D1100ED1D4B /* Validations */,
				5A25898327E25579001B625B /* Extensions */,
			);
			path = Core;
			sourceTree = "<group>";
		};
		5A25897727E23659001B625B /* API */ = {
			isa = PBXGroup;
			children = (
				5AE2071827EF49E300545454 /* AuthService.swift */,
				5AD4DF5327F0F52100E2B480 /* Service.swift */,
			);
			path = API;
			sourceTree = "<group>";
		};
		5A25897827E2365C001B625B /* Controller */ = {
			isa = PBXGroup;
			children = (
				5A25897E27E24D97001B625B /* Authentication */,
				5A25897C27E239BE001B625B /* ConversationsController.swift */,
				5AD4DF4727F094C700E2B480 /* NewMessageController.swift */,
			);
			path = Controller;
			sourceTree = "<group>";
		};
		5A25897927E2365F001B625B /* ViewModel */ = {
			isa = PBXGroup;
			children = (
				5AD4DF5027F0F3C700E2B480 /* Authentication */,
			);
			path = ViewModel;
			sourceTree = "<group>";
		};
		5A25897A27E23661001B625B /* View */ = {
			isa = PBXGroup;
			children = (
				5AB3644427EB59BB00872674 /* InputContainerView */,
				5A4B386127ED0F3B0000FA7C /* CustomButtons */,
				5A4B386227ED0F5C0000FA7C /* CustomImageViews */,
				5AD4DF4E27F0D5E600E2B480 /* UserCell.swift */,
			);
			path = View;
			sourceTree = "<group>";
		};
		5A25897B27E23677001B625B /* Model */ = {
			isa = PBXGroup;
			children = (
				5AD4DF5127F0F45600E2B480 /* User.swift */,
			);
			path = Model;
			sourceTree = "<group>";
		};
		5A25897E27E24D97001B625B /* Authentication */ = {
			isa = PBXGroup;
			children = (
				5A25897F27E24DC0001B625B /* LoginController.swift */,
				5A25898127E24DE8001B625B /* RegistrationController.swift */,
			);
			path = Authentication;
			sourceTree = "<group>";
		};
		5A25898327E25579001B625B /* Extensions */ = {
			isa = PBXGroup;
			children = (
				5AD4DF4927F0A3FB00E2B480 /* UIViewControllerExtension */,
				5A25898427E255BA001B625B /* AnchorExtension.swift */,
				5ADD828C27E7435300ED1D4B /* GradientExtension.swift */,
				5A68682C27EDAA34003CC330 /* TrimExtension.swift */,
			);
			path = Extensions;
			sourceTree = "<group>";
		};
		5A4B386127ED0F3B0000FA7C /* CustomButtons */ = {
			isa = PBXGroup;
			children = (
				5A5111AF27EA4A100009E817 /* CustomStandartButton.swift */,
				5A4B385B27ECA2800000FA7C /* CustomTextButton.swift */,
				5A4B385F27ECB4AF0000FA7C /* CustomIconButton.swift */,
			);
			path = CustomButtons;
			sourceTree = "<group>";
		};
		5A4B386227ED0F5C0000FA7C /* CustomImageViews */ = {
			isa = PBXGroup;
			children = (
				5A4B385D27ECA9F90000FA7C /* BasicImageView.swift */,
			);
			path = CustomImageViews;
			sourceTree = "<group>";
		};
		5AB3644427EB59BB00872674 /* InputContainerView */ = {
			isa = PBXGroup;
			children = (
				5ABB627C27E4ABD200932166 /* InputContainerView.swift */,
				5ABB21ED27E5F21D00C3FB04 /* CustomTextField.swift */,
				5ACD70CB27E8B7D700E29511 /* CustomLabel.swift */,
				5ACD70CD27E8B7EE00E29511 /* CustomImageView.swift */,
			);
			path = InputContainerView;
			sourceTree = "<group>";
		};
		5AD4DF4927F0A3FB00E2B480 /* UIViewControllerExtension */ = {
			isa = PBXGroup;
			children = (
				5AD4DF4A27F0A41900E2B480 /* NavigationBarExtensions.swift */,
				5AD4DF4C27F0A45900E2B480 /* JGProgressHUDExtension.swift */,
			);
			path = UIViewControllerExtension;
			sourceTree = "<group>";
		};
		5AD4DF5027F0F3C700E2B480 /* Authentication */ = {
			isa = PBXGroup;
			children = (
				5AB3644527EB76BF00872674 /* LoginViewModel.swift */,
				5AB3644727EB778F00872674 /* RegisterViewModel.swift */,
			);
			path = Authentication;
			sourceTree = "<group>";
		};
		5ADD829027E77D1100ED1D4B /* Validations */ = {
			isa = PBXGroup;
			children = (
				5ADD829127E7AE8A00ED1D4B /* Concrete.swift */,
				5ADD829327E7AE9100ED1D4B /* Builder.swift */,
				5ADD829527E7AE9A00ED1D4B /* Error.swift */,
				5ADD829727E7AEA000ED1D4B /* Model.swift */,
				5ADD829927E7AEA800ED1D4B /* Pattern.swift */,
				5ADD829B27E7AEDC00ED1D4B /* RegexManager.swift */,
			);
			path = Validations;
			sourceTree = "<group>";
		};
/* End PBXGroup section */

/* Begin PBXNativeTarget section */
		5A25895D27E2358A001B625B /* ChatAppWithFirestoreMVVM */ = {
			isa = PBXNativeTarget;
			buildConfigurationList = 5A25897227E2358B001B625B /* Build configuration list for PBXNativeTarget "ChatAppWithFirestoreMVVM" */;
			buildPhases = (
				A34C4E772D1C1D2965C1830C /* [CP] Check Pods Manifest.lock */,
				5A25895A27E2358A001B625B /* Sources */,
				5A25895B27E2358A001B625B /* Frameworks */,
				5A25895C27E2358A001B625B /* Resources */,
				CF75AD8BEE30F363F495E2D2 /* [CP] Embed Pods Frameworks */,
			);
			buildRules = (
				5AB5C24527EB86D700E5417A /* PBXBuildRule */,
			);
			dependencies = (
			);
			name = ChatAppWithFirestoreMVVM;
			productName = ChatAppWithFirestoreMVVM;
			productReference = 5A25895E27E2358A001B625B /* ChatAppWithFirestoreMVVM.app */;
			productType = "com.apple.product-type.application";
		};
/* End PBXNativeTarget section */

/* Begin PBXProject section */
		5A25895627E2358A001B625B /* Project object */ = {
			isa = PBXProject;
			attributes = {
				BuildIndependentTargetsInParallel = 1;
				LastSwiftUpdateCheck = 1320;
				LastUpgradeCheck = 1320;
				TargetAttributes = {
					5A25895D27E2358A001B625B = {
						CreatedOnToolsVersion = 13.2.1;
					};
				};
			};
			buildConfigurationList = 5A25895927E2358A001B625B /* Build configuration list for PBXProject "ChatAppWithFirestoreMVVM" */;
			compatibilityVersion = "Xcode 13.0";
			developmentRegion = en;
			hasScannedForEncodings = 0;
			knownRegions = (
				en,
				Base,
			);
			mainGroup = 5A25895527E2358A001B625B;
			productRefGroup = 5A25895F27E2358A001B625B /* Products */;
			projectDirPath = "";
			projectRoot = "";
			targets = (
				5A25895D27E2358A001B625B /* ChatAppWithFirestoreMVVM */,
			);
		};
/* End PBXProject section */

/* Begin PBXResourcesBuildPhase section */
		5A25895C27E2358A001B625B /* Resources */ = {
			isa = PBXResourcesBuildPhase;
			buildActionMask = 2147483647;
			files = (
				5AAB9FA627EBAA000032CD13 /* Assets.xcassets in Resources */,
				5A68682F27EDCC7F003CC330 /* GoogleService-Info.plist in Resources */,
				5A25896E27E2358B001B625B /* LaunchScreen.storyboard in Resources */,
				5A25896927E2358A001B625B /* Main.storyboard in Resources */,
			);
			runOnlyForDeploymentPostprocessing = 0;
		};
/* End PBXResourcesBuildPhase section */

/* Begin PBXShellScriptBuildPhase section */
		A34C4E772D1C1D2965C1830C /* [CP] Check Pods Manifest.lock */ = {
			isa = PBXShellScriptBuildPhase;
			buildActionMask = 2147483647;
			files = (
			);
			inputFileListPaths = (
			);
			inputPaths = (
				"${PODS_PODFILE_DIR_PATH}/Podfile.lock",
				"${PODS_ROOT}/Manifest.lock",
			);
			name = "[CP] Check Pods Manifest.lock";
			outputFileListPaths = (
			);
			outputPaths = (
				"$(DERIVED_FILE_DIR)/Pods-ChatAppWithFirestoreMVVM-checkManifestLockResult.txt",
			);
			runOnlyForDeploymentPostprocessing = 0;
			shellPath = /bin/sh;
			shellScript = "diff \"${PODS_PODFILE_DIR_PATH}/Podfile.lock\" \"${PODS_ROOT}/Manifest.lock\" > /dev/null\nif [ $? != 0 ] ; then\n    # print error to STDERR\n    echo \"error: The sandbox is not in sync with the Podfile.lock. Run 'pod install' or update your CocoaPods installation.\" >&2\n    exit 1\nfi\n# This output is used by Xcode 'outputs' to avoid re-running this script phase.\necho \"SUCCESS\" > \"${SCRIPT_OUTPUT_FILE_0}\"\n";
			showEnvVarsInLog = 0;
		};
		CF75AD8BEE30F363F495E2D2 /* [CP] Embed Pods Frameworks */ = {
			isa = PBXShellScriptBuildPhase;
			buildActionMask = 2147483647;
			files = (
			);
			inputFileListPaths = (
				"${PODS_ROOT}/Target Support Files/Pods-ChatAppWithFirestoreMVVM/Pods-ChatAppWithFirestoreMVVM-frameworks-${CONFIGURATION}-input-files.xcfilelist",
			);
			name = "[CP] Embed Pods Frameworks";
			outputFileListPaths = (
				"${PODS_ROOT}/Target Support Files/Pods-ChatAppWithFirestoreMVVM/Pods-ChatAppWithFirestoreMVVM-frameworks-${CONFIGURATION}-output-files.xcfilelist",
			);
			runOnlyForDeploymentPostprocessing = 0;
			shellPath = /bin/sh;
			shellScript = "\"${PODS_ROOT}/Target Support Files/Pods-ChatAppWithFirestoreMVVM/Pods-ChatAppWithFirestoreMVVM-frameworks.sh\"\n";
			showEnvVarsInLog = 0;
		};
/* End PBXShellScriptBuildPhase section */

/* Begin PBXSourcesBuildPhase section */
		5A25895A27E2358A001B625B /* Sources */ = {
			isa = PBXSourcesBuildPhase;
			buildActionMask = 2147483647;
			files = (
				5ADD829827E7AEA000ED1D4B /* Model.swift in Sources */,
				5ACD70CC27E8B7D700E29511 /* CustomLabel.swift in Sources */,
				5ADD828D27E7435300ED1D4B /* GradientExtension.swift in Sources */,
				5AD4DF4D27F0A45900E2B480 /* JGProgressHUDExtension.swift in Sources */,
				5A5111B027EA4A100009E817 /* CustomStandartButton.swift in Sources */,
				5ABB627D27E4ABD200932166 /* InputContainerView.swift in Sources */,
				5ADD829227E7AE8A00ED1D4B /* Concrete.swift in Sources */,
				5ADD829A27E7AEA800ED1D4B /* Pattern.swift in Sources */,
				5AD4DF5227F0F45600E2B480 /* User.swift in Sources */,
				5AE2071927EF49E300545454 /* AuthService.swift in Sources */,
				5AD4DF4B27F0A41900E2B480 /* NavigationBarExtensions.swift in Sources */,
				5A4B385E27ECA9F90000FA7C /* BasicImageView.swift in Sources */,
				5A4B385C27ECA2800000FA7C /* CustomTextButton.swift in Sources */,
				5AD4DF5427F0F52100E2B480 /* Service.swift in Sources */,
				5A25896227E2358A001B625B /* AppDelegate.swift in Sources */,
				5A25897D27E239BE001B625B /* ConversationsController.swift in Sources */,
				5AD4DF4827F094C700E2B480 /* NewMessageController.swift in Sources */,
				5ADD829427E7AE9100ED1D4B /* Builder.swift in Sources */,
				5AD4DF4F27F0D5E600E2B480 /* UserCell.swift in Sources */,
				5A25896427E2358A001B625B /* SceneDelegate.swift in Sources */,
				5ACD70CE27E8B7EE00E29511 /* CustomImageView.swift in Sources */,
				5A25898227E24DE8001B625B /* RegistrationController.swift in Sources */,
				5A68682D27EDAA34003CC330 /* TrimExtension.swift in Sources */,
				5AB3644827EB778F00872674 /* RegisterViewModel.swift in Sources */,
				5A25898027E24DC0001B625B /* LoginController.swift in Sources */,
				5A25898527E255BA001B625B /* AnchorExtension.swift in Sources */,
				5ADD829627E7AE9A00ED1D4B /* Error.swift in Sources */,
				5A4B386027ECB4AF0000FA7C /* CustomIconButton.swift in Sources */,
				5ABB21EE27E5F21D00C3FB04 /* CustomTextField.swift in Sources */,
				5ADD829C27E7AEDC00ED1D4B /* RegexManager.swift in Sources */,
				5AB3644627EB76BF00872674 /* LoginViewModel.swift in Sources */,
			);
			runOnlyForDeploymentPostprocessing = 0;
		};
/* End PBXSourcesBuildPhase section */

/* Begin PBXVariantGroup section */
		5A25896727E2358A001B625B /* Main.storyboard */ = {
			isa = PBXVariantGroup;
			children = (
				5A25896827E2358A001B625B /* Base */,
			);
			name = Main.storyboard;
			sourceTree = "<group>";
		};
		5A25896C27E2358B001B625B /* LaunchScreen.storyboard */ = {
			isa = PBXVariantGroup;
			children = (
				5A25896D27E2358B001B625B /* Base */,
			);
			name = LaunchScreen.storyboard;
			sourceTree = "<group>";
		};
/* End PBXVariantGroup section */

/* Begin XCBuildConfiguration section */
		5A25897027E2358B001B625B /* Debug */ = {
			isa = XCBuildConfiguration;
			buildSettings = {
				ALWAYS_SEARCH_USER_PATHS = NO;
				CLANG_ANALYZER_NONNULL = YES;
				CLANG_ANALYZER_NUMBER_OBJECT_CONVERSION = YES_AGGRESSIVE;
				CLANG_CXX_LANGUAGE_STANDARD = "gnu++17";
				CLANG_CXX_LIBRARY = "libc++";
				CLANG_ENABLE_MODULES = YES;
				CLANG_ENABLE_OBJC_ARC = YES;
				CLANG_ENABLE_OBJC_WEAK = YES;
				CLANG_WARN_BLOCK_CAPTURE_AUTORELEASING = YES;
				CLANG_WARN_BOOL_CONVERSION = YES;
				CLANG_WARN_COMMA = YES;
				CLANG_WARN_CONSTANT_CONVERSION = YES;
				CLANG_WARN_DEPRECATED_OBJC_IMPLEMENTATIONS = YES;
				CLANG_WARN_DIRECT_OBJC_ISA_USAGE = YES_ERROR;
				CLANG_WARN_DOCUMENTATION_COMMENTS = YES;
				CLANG_WARN_EMPTY_BODY = YES;
				CLANG_WARN_ENUM_CONVERSION = YES;
				CLANG_WARN_INFINITE_RECURSION = YES;
				CLANG_WARN_INT_CONVERSION = YES;
				CLANG_WARN_NON_LITERAL_NULL_CONVERSION = YES;
				CLANG_WARN_OBJC_IMPLICIT_RETAIN_SELF = YES;
				CLANG_WARN_OBJC_LITERAL_CONVERSION = YES;
				CLANG_WARN_OBJC_ROOT_CLASS = YES_ERROR;
				CLANG_WARN_QUOTED_INCLUDE_IN_FRAMEWORK_HEADER = YES;
				CLANG_WARN_RANGE_LOOP_ANALYSIS = YES;
				CLANG_WARN_STRICT_PROTOTYPES = YES;
				CLANG_WARN_SUSPICIOUS_MOVE = YES;
				CLANG_WARN_UNGUARDED_AVAILABILITY = YES_AGGRESSIVE;
				CLANG_WARN_UNREACHABLE_CODE = YES;
				CLANG_WARN__DUPLICATE_METHOD_MATCH = YES;
				COPY_PHASE_STRIP = NO;
				DEBUG_INFORMATION_FORMAT = dwarf;
				ENABLE_STRICT_OBJC_MSGSEND = YES;
				ENABLE_TESTABILITY = YES;
				GCC_C_LANGUAGE_STANDARD = gnu11;
				GCC_DYNAMIC_NO_PIC = NO;
				GCC_NO_COMMON_BLOCKS = YES;
				GCC_OPTIMIZATION_LEVEL = 0;
				GCC_PREPROCESSOR_DEFINITIONS = (
					"DEBUG=1",
					"$(inherited)",
				);
				GCC_WARN_64_TO_32_BIT_CONVERSION = YES;
				GCC_WARN_ABOUT_RETURN_TYPE = YES_ERROR;
				GCC_WARN_UNDECLARED_SELECTOR = YES;
				GCC_WARN_UNINITIALIZED_AUTOS = YES_AGGRESSIVE;
				GCC_WARN_UNUSED_FUNCTION = YES;
				GCC_WARN_UNUSED_VARIABLE = YES;
				IPHONEOS_DEPLOYMENT_TARGET = 15.2;
				MTL_ENABLE_DEBUG_INFO = INCLUDE_SOURCE;
				MTL_FAST_MATH = YES;
				ONLY_ACTIVE_ARCH = YES;
				SDKROOT = iphoneos;
				SWIFT_ACTIVE_COMPILATION_CONDITIONS = DEBUG;
				SWIFT_OPTIMIZATION_LEVEL = "-Onone";
			};
			name = Debug;
		};
		5A25897127E2358B001B625B /* Release */ = {
			isa = XCBuildConfiguration;
			buildSettings = {
				ALWAYS_SEARCH_USER_PATHS = NO;
				CLANG_ANALYZER_NONNULL = YES;
				CLANG_ANALYZER_NUMBER_OBJECT_CONVERSION = YES_AGGRESSIVE;
				CLANG_CXX_LANGUAGE_STANDARD = "gnu++17";
				CLANG_CXX_LIBRARY = "libc++";
				CLANG_ENABLE_MODULES = YES;
				CLANG_ENABLE_OBJC_ARC = YES;
				CLANG_ENABLE_OBJC_WEAK = YES;
				CLANG_WARN_BLOCK_CAPTURE_AUTORELEASING = YES;
				CLANG_WARN_BOOL_CONVERSION = YES;
				CLANG_WARN_COMMA = YES;
				CLANG_WARN_CONSTANT_CONVERSION = YES;
				CLANG_WARN_DEPRECATED_OBJC_IMPLEMENTATIONS = YES;
				CLANG_WARN_DIRECT_OBJC_ISA_USAGE = YES_ERROR;
				CLANG_WARN_DOCUMENTATION_COMMENTS = YES;
				CLANG_WARN_EMPTY_BODY = YES;
				CLANG_WARN_ENUM_CONVERSION = YES;
				CLANG_WARN_INFINITE_RECURSION = YES;
				CLANG_WARN_INT_CONVERSION = YES;
				CLANG_WARN_NON_LITERAL_NULL_CONVERSION = YES;
				CLANG_WARN_OBJC_IMPLICIT_RETAIN_SELF = YES;
				CLANG_WARN_OBJC_LITERAL_CONVERSION = YES;
				CLANG_WARN_OBJC_ROOT_CLASS = YES_ERROR;
				CLANG_WARN_QUOTED_INCLUDE_IN_FRAMEWORK_HEADER = YES;
				CLANG_WARN_RANGE_LOOP_ANALYSIS = YES;
				CLANG_WARN_STRICT_PROTOTYPES = YES;
				CLANG_WARN_SUSPICIOUS_MOVE = YES;
				CLANG_WARN_UNGUARDED_AVAILABILITY = YES_AGGRESSIVE;
				CLANG_WARN_UNREACHABLE_CODE = YES;
				CLANG_WARN__DUPLICATE_METHOD_MATCH = YES;
				COPY_PHASE_STRIP = NO;
				DEBUG_INFORMATION_FORMAT = "dwarf-with-dsym";
				ENABLE_NS_ASSERTIONS = NO;
				ENABLE_STRICT_OBJC_MSGSEND = YES;
				GCC_C_LANGUAGE_STANDARD = gnu11;
				GCC_NO_COMMON_BLOCKS = YES;
				GCC_WARN_64_TO_32_BIT_CONVERSION = YES;
				GCC_WARN_ABOUT_RETURN_TYPE = YES_ERROR;
				GCC_WARN_UNDECLARED_SELECTOR = YES;
				GCC_WARN_UNINITIALIZED_AUTOS = YES_AGGRESSIVE;
				GCC_WARN_UNUSED_FUNCTION = YES;
				GCC_WARN_UNUSED_VARIABLE = YES;
				IPHONEOS_DEPLOYMENT_TARGET = 15.2;
				MTL_ENABLE_DEBUG_INFO = NO;
				MTL_FAST_MATH = YES;
				SDKROOT = iphoneos;
				SWIFT_COMPILATION_MODE = wholemodule;
				SWIFT_OPTIMIZATION_LEVEL = "-O";
				VALIDATE_PRODUCT = YES;
			};
			name = Release;
		};
		5A25897327E2358B001B625B /* Debug */ = {
			isa = XCBuildConfiguration;
			baseConfigurationReference = C7341A1E72018F270EF6C342 /* Pods-ChatAppWithFirestoreMVVM.debug.xcconfig */;
			buildSettings = {
				ASSETCATALOG_COMPILER_APPICON_NAME = AppIcon;
				ASSETCATALOG_COMPILER_GLOBAL_ACCENT_COLOR_NAME = AccentColor;
				CODE_SIGN_STYLE = Automatic;
				CURRENT_PROJECT_VERSION = 1;
				DEVELOPMENT_TEAM = W73RSNM5TG;
				GENERATE_INFOPLIST_FILE = YES;
				INFOPLIST_FILE = ChatAppWithFirestoreMVVM/Info.plist;
				INFOPLIST_KEY_UIApplicationSupportsIndirectInputEvents = YES;
				INFOPLIST_KEY_UILaunchStoryboardName = LaunchScreen;
				INFOPLIST_KEY_UIMainStoryboardFile = Main;
				INFOPLIST_KEY_UISupportedInterfaceOrientations_iPad = "UIInterfaceOrientationPortrait UIInterfaceOrientationPortraitUpsideDown UIInterfaceOrientationLandscapeLeft UIInterfaceOrientationLandscapeRight";
				INFOPLIST_KEY_UISupportedInterfaceOrientations_iPhone = "UIInterfaceOrientationPortrait UIInterfaceOrientationLandscapeLeft UIInterfaceOrientationLandscapeRight";
				LD_RUNPATH_SEARCH_PATHS = (
					"$(inherited)",
					"@executable_path/Frameworks",
				);
				MARKETING_VERSION = 1.0;
				PRODUCT_BUNDLE_IDENTIFIER = com.alicanyilmaz.ChatAppWithFirestoreMVVM;
				PRODUCT_NAME = "$(TARGET_NAME)";
				SWIFT_EMIT_LOC_STRINGS = YES;
				SWIFT_VERSION = 5.0;
				TARGETED_DEVICE_FAMILY = "1,2";
			};
			name = Debug;
		};
		5A25897427E2358B001B625B /* Release */ = {
			isa = XCBuildConfiguration;
			baseConfigurationReference = B584EC4538EE40C561EB1024 /* Pods-ChatAppWithFirestoreMVVM.release.xcconfig */;
			buildSettings = {
				ASSETCATALOG_COMPILER_APPICON_NAME = AppIcon;
				ASSETCATALOG_COMPILER_GLOBAL_ACCENT_COLOR_NAME = AccentColor;
				CODE_SIGN_STYLE = Automatic;
				CURRENT_PROJECT_VERSION = 1;
				DEVELOPMENT_TEAM = W73RSNM5TG;
				GENERATE_INFOPLIST_FILE = YES;
				INFOPLIST_FILE = ChatAppWithFirestoreMVVM/Info.plist;
				INFOPLIST_KEY_UIApplicationSupportsIndirectInputEvents = YES;
				INFOPLIST_KEY_UILaunchStoryboardName = LaunchScreen;
				INFOPLIST_KEY_UIMainStoryboardFile = Main;
				INFOPLIST_KEY_UISupportedInterfaceOrientations_iPad = "UIInterfaceOrientationPortrait UIInterfaceOrientationPortraitUpsideDown UIInterfaceOrientationLandscapeLeft UIInterfaceOrientationLandscapeRight";
				INFOPLIST_KEY_UISupportedInterfaceOrientations_iPhone = "UIInterfaceOrientationPortrait UIInterfaceOrientationLandscapeLeft UIInterfaceOrientationLandscapeRight";
				LD_RUNPATH_SEARCH_PATHS = (
					"$(inherited)",
					"@executable_path/Frameworks",
				);
				MARKETING_VERSION = 1.0;
				PRODUCT_BUNDLE_IDENTIFIER = com.alicanyilmaz.ChatAppWithFirestoreMVVM;
				PRODUCT_NAME = "$(TARGET_NAME)";
				SWIFT_EMIT_LOC_STRINGS = YES;
				SWIFT_VERSION = 5.0;
				TARGETED_DEVICE_FAMILY = "1,2";
			};
			name = Release;
		};
/* End XCBuildConfiguration section */

/* Begin XCConfigurationList section */
		5A25895927E2358A001B625B /* Build configuration list for PBXProject "ChatAppWithFirestoreMVVM" */ = {
			isa = XCConfigurationList;
			buildConfigurations = (
				5A25897027E2358B001B625B /* Debug */,
				5A25897127E2358B001B625B /* Release */,
			);
			defaultConfigurationIsVisible = 0;
			defaultConfigurationName = Release;
		};
		5A25897227E2358B001B625B /* Build configuration list for PBXNativeTarget "ChatAppWithFirestoreMVVM" */ = {
			isa = XCConfigurationList;
			buildConfigurations = (
				5A25897327E2358B001B625B /* Debug */,
				5A25897427E2358B001B625B /* Release */,
			);
			defaultConfigurationIsVisible = 0;
			defaultConfigurationName = Release;
		};
/* End XCConfigurationList section */
	};
	rootObject = 5A25895627E2358A001B625B /* Project object */;
}
